
Microsoft Visual Studio Solution File, Format Version 12.00
# Visual Studio 14
VisualStudioVersion = 14.0.25420.1
MinimumVisualStudioVersion = 10.0.40219.1
Project("{FAE04EC0-301F-11D3-BF4B-00C04F79EFBC}") = "CCC.SFDC.Schemas", "CCC.SFDC.DDD\CCC.SFDC.Schemas.btproj", "{2F919728-D207-41ED-9463-1F3A21972FB8}"
EndProject
Project("{FAE04EC0-301F-11D3-BF4B-00C04F79EFBC}") = "CCC.SFDC.Maps", "CCC.SFDC.Maps\CCC.SFDC.Maps.btproj", "{5BAE9589-5E98-49FA-844E-9E5695652BB4}"
EndProject
Project("{FAE04EC0-301F-11D3-BF4B-00C04F79EFBC}") = "CCC.SFDC.Process", "CCC.SFDC.Process\CCC.SFDC.Process.btproj", "{A95B6E94-DFA7-40CD-853C-284FAB9FF018}"
EndProject
Project("{2150E333-8FDC-42A3-9474-1A3956D46DE8}") = "Deployment", "Deployment", "{E70A02F4-51FC-457C-B04C-B15E3B9CC6C7}"
	ProjectSection(SolutionItems) = preProject
		Deployment\Deployment.btdfproj = Deployment\Deployment.btdfproj
		Deployment\InstallWizard.xml = Deployment\InstallWizard.xml
		Deployment\License.rtf = Deployment\License.rtf
		Deployment\PortBindingsMaster.xml = Deployment\PortBindingsMaster.xml
		Deployment\SettingsFileGenerator.xml = Deployment\SettingsFileGenerator.xml
		Deployment\UnInstallWizard.xml = Deployment\UnInstallWizard.xml
	EndProjectSection
EndProject
Global
	GlobalSection(SolutionConfigurationPlatforms) = preSolution
		Debug|Any CPU = Debug|Any CPU
		Release|Any CPU = Release|Any CPU
	EndGlobalSection
	GlobalSection(ProjectConfigurationPlatforms) = postSolution
		{2F919728-D207-41ED-9463-1F3A21972FB8}.Debug|Any CPU.ActiveCfg = Debug|Any CPU
		{2F919728-D207-41ED-9463-1F3A21972FB8}.Debug|Any CPU.Build.0 = Debug|Any CPU
		{2F919728-D207-41ED-9463-1F3A21972FB8}.Debug|Any CPU.Deploy.0 = Debug|Any CPU
		{2F919728-D207-41ED-9463-1F3A21972FB8}.Release|Any CPU.ActiveCfg = Release|Any CPU
		{2F919728-D207-41ED-9463-1F3A21972FB8}.Release|Any CPU.Build.0 = Release|Any CPU
		{2F919728-D207-41ED-9463-1F3A21972FB8}.Release|Any CPU.Deploy.0 = Release|Any CPU
		{5BAE9589-5E98-49FA-844E-9E5695652BB4}.Debug|Any CPU.ActiveCfg = Debug|Any CPU
		{5BAE9589-5E98-49FA-844E-9E5695652BB4}.Debug|Any CPU.Build.0 = Debug|Any CPU
		{5BAE9589-5E98-49FA-844E-9E5695652BB4}.Debug|Any CPU.Deploy.0 = Debug|Any CPU
		{5BAE9589-5E98-49FA-844E-9E5695652BB4}.Release|Any CPU.ActiveCfg = Release|Any CPU
		{5BAE9589-5E98-49FA-844E-9E5695652BB4}.Release|Any CPU.Build.0 = Release|Any CPU
		{5BAE9589-5E98-49FA-844E-9E5695652BB4}.Release|Any CPU.Deploy.0 = Release|Any CPU
		{A95B6E94-DFA7-40CD-853C-284FAB9FF018}.Debug|Any CPU.ActiveCfg = Debug|Any CPU
		{A95B6E94-DFA7-40CD-853C-284FAB9FF018}.Debug|Any CPU.Build.0 = Debug|Any CPU
		{A95B6E94-DFA7-40CD-853C-284FAB9FF018}.Debug|Any CPU.Deploy.0 = Debug|Any CPU
		{A95B6E94-DFA7-40CD-853C-284FAB9FF018}.Release|Any CPU.ActiveCfg = Release|Any CPU
		{A95B6E94-DFA7-40CD-853C-284FAB9FF018}.Release|Any CPU.Build.0 = Release|Any CPU
		{A95B6E94-DFA7-40CD-853C-284FAB9FF018}.Release|Any CPU.Deploy.0 = Release|Any CPU
	EndGlobalSection
	GlobalSection(SolutionProperties) = preSolution
		HideSolutionNode = FALSE
	EndGlobalSection
EndGlobal
